
Microsoft Visual Studio Solution File, Format Version 12.00
# Visual Studio Version 17
VisualStudioVersion = 17.11.35222.181
MinimumVisualStudioVersion = 10.0.40219.1
Project("{2150E333-8FDC-42A3-9474-1A3956D46DE8}") = "src", "src", "{1FEECC76-DFE6-45F7-8876-06CB07F27BD6}"
EndProject
Project("{2150E333-8FDC-42A3-9474-1A3956D46DE8}") = "plugins", "plugins", "{B92784AA-129A-4EA4-8770-0EE757E811A4}"
EndProject
Project("{2150E333-8FDC-42A3-9474-1A3956D46DE8}") = "addins", "addins", "{6C4D9A17-8B2E-4D53-A1F7-0E93C5B6A248}"
EndProject
Project("{2150E333-8FDC-42A3-9474-1A3956D46DE8}") = "tests", "tests", "{37231540-9D66-4E4C-B2B9-BFED364D054D}"
EndProject
Project("{2150E333-8FDC-42A3-9474-1A3956D46DE8}") = "Solution Items", "Solution Items", "{8D9D8A46-03AB-44AD-A6C6-1266DA9B9E0A}"
	ProjectSection(SolutionItems) = preProject
		Directory.Build.props = Directory.Build.props
		Directory.Packages.props = Directory.Packages.props
		.editorconfig = .editorconfig
		.gitignore = .gitignore
		nuget.config = nuget.config
		README.md = README.md
		STRUCTURE.md = STRUCTURE.md
	EndProjectSection
EndProject
Project("{9A19103F-16F7-4668-BE54-9A1E7A4F7556}") = "AiGisConverter.Ai", "src\AiGisConverter.Ai\AiGisConverter.Ai.csproj", "{D64A13DF-D335-4EBD-A322-659E120AB9F1}"
EndProject
Project("{9A19103F-16F7-4668-BE54-9A1E7A4F7556}") = "AiGisConverter.Application", "src\AiGisConverter.Application\AiGisConverter.Application.csproj", "{24052321-E0B8-42B7-9226-BC05C941161D}"
EndProject
Project("{9A19103F-16F7-4668-BE54-9A1E7A4F7556}") = "AiGisConverter.Bridge.Client", "src\AiGisConverter.Bridge.Client\AiGisConverter.Bridge.Client.csproj", "{5BBAC421-608D-45CB-B641-5C6663187989}"
EndProject
Project("{9A19103F-16F7-4668-BE54-9A1E7A4F7556}") = "AiGisConverter.Bridge.Protocol", "src\AiGisConverter.Bridge.Protocol\AiGisConverter.Bridge.Protocol.csproj", "{4E6ECA9A-B9C7-4EA9-9E9B-AF696232960C}"
EndProject
Project("{9A19103F-16F7-4668-BE54-9A1E7A4F7556}") = "AiGisConverter.Business", "src\AiGisConverter.Business\AiGisConverter.Business.csproj", "{1D7CD494-72BB-4E84-807A-7B72861119D4}"
EndProject
Project("{9A19103F-16F7-4668-BE54-9A1E7A4F7556}") = "AiGisConverter.Cad", "src\AiGisConverter.Cad\AiGisConverter.Cad.csproj", "{DF2E7F56-2050-447D-A2C5-11E9C0C1D1DE}"
EndProject
Project("{9A19103F-16F7-4668-BE54-9A1E7A4F7556}") = "AiGisConverter.Composition", "src\AiGisConverter.Composition\AiGisConverter.Composition.csproj", "{92AFF1D4-E185-48EF-9376-DD86A47291F2}"
EndProject
Project("{9A19103F-16F7-4668-BE54-9A1E7A4F7556}") = "AiGisConverter.Data", "src\AiGisConverter.Data\AiGisConverter.Data.csproj", "{E1F0C623-17BE-466A-B352-01D7E59CCAF6}"
EndProject
Project("{9A19103F-16F7-4668-BE54-9A1E7A4F7556}") = "AiGisConverter.Domain", "src\AiGisConverter.Domain\AiGisConverter.Domain.csproj", "{EC3837C5-547F-4A63-BB24-2AC75AAC3453}"
EndProject
Project("{9A19103F-16F7-4668-BE54-9A1E7A4F7556}") = "AiGisConverter.Gis", "src\AiGisConverter.Gis\AiGisConverter.Gis.csproj", "{DBE81648-11E7-420B-B0A5-9A51819CB9CB}"
EndProject
Project("{9A19103F-16F7-4668-BE54-9A1E7A4F7556}") = "AiGisConverter.Infrastructure", "src\AiGisConverter.Infrastructure\AiGisConverter.Infrastructure.csproj", "{8C65A5A9-36D3-47EC-B40D-DE1360CD6197}"
EndProject
Project("{9A19103F-16F7-4668-BE54-9A1E7A4F7556}") = "AiGisConverter.Plugins.Abstractions", "src\AiGisConverter.Plugins.Abstractions\AiGisConverter.Plugins.Abstractions.csproj", "{2924FAC1-F67C-4A6F-8BB8-EE07D48E3213}"
EndProject
Project("{9A19103F-16F7-4668-BE54-9A1E7A4F7556}") = "AiGisConverter.Plugins.Hosting", "src\AiGisConverter.Plugins.Hosting\AiGisConverter.Plugins.Hosting.csproj", "{57CF4F39-6C77-49F4-BEE1-A663668F9CA1}"
EndProject
Project("{9A19103F-16F7-4668-BE54-9A1E7A4F7556}") = "AiGisConverter.Presentation", "src\AiGisConverter.Presentation\AiGisConverter.Presentation.csproj", "{FCA82379-EC2C-439B-AA47-78C4906E437F}"
EndProject
Project("{9A19103F-16F7-4668-BE54-9A1E7A4F7556}") = "AiGisConverter.QaQc", "src\AiGisConverter.QaQc\AiGisConverter.QaQc.csproj", "{881590F2-8C5B-48F7-9596-7ECD1FCC3079}"
EndProject
Project("{9A19103F-16F7-4668-BE54-9A1E7A4F7556}") = "AiGisConverter.Plugins.AiProviders", "plugins\AiGisConverter.Plugins.AiProviders\AiGisConverter.Plugins.AiProviders.csproj", "{9611C3E8-3A64-4CC2-B520-A5EE21C4D515}"
EndProject
Project("{9A19103F-16F7-4668-BE54-9A1E7A4F7556}") = "AiGisConverter.Plugins.AutoCad", "plugins\AiGisConverter.Plugins.AutoCad\AiGisConverter.Plugins.AutoCad.csproj", "{B604614D-7BB4-41BA-B8A9-F383BA001AC5}"
EndProject
Project("{9A19103F-16F7-4668-BE54-9A1E7A4F7556}") = "AiGisConverter.Plugins.Civil3D", "plugins\AiGisConverter.Plugins.Civil3D\AiGisConverter.Plugins.Civil3D.csproj", "{06DF37BC-07B5-4DCB-B236-0D1F435AFA0B}"
EndProject
Project("{9A19103F-16F7-4668-BE54-9A1E7A4F7556}") = "AiGisConverter.Plugins.CustomExtensions", "plugins\AiGisConverter.Plugins.CustomExtensions\AiGisConverter.Plugins.CustomExtensions.csproj", "{7B6DC92D-E57C-489C-A59D-DD47485DC5F0}"
EndProject
Project("{9A19103F-16F7-4668-BE54-9A1E7A4F7556}") = "AiGisConverter.Plugins.Dgn", "plugins\AiGisConverter.Plugins.Dgn\AiGisConverter.Plugins.Dgn.csproj", "{0F150B2A-8FA9-45DA-B2DC-DFFEEAFA9303}"
EndProject
Project("{9A19103F-16F7-4668-BE54-9A1E7A4F7556}") = "AiGisConverter.Plugins.Drone", "plugins\AiGisConverter.Plugins.Drone\AiGisConverter.Plugins.Drone.csproj", "{88F1405C-27D6-491F-8B2D-288868399BA7}"
EndProject
Project("{9A19103F-16F7-4668-BE54-9A1E7A4F7556}") = "AiGisConverter.Plugins.GisExport", "plugins\AiGisConverter.Plugins.GisExport\AiGisConverter.Plugins.GisExport.csproj", "{851ED14D-E54D-43D9-A829-415117856C49}"
EndProject
Project("{9A19103F-16F7-4668-BE54-9A1E7A4F7556}") = "AiGisConverter.Plugins.Ifc", "plugins\AiGisConverter.Plugins.Ifc\AiGisConverter.Plugins.Ifc.csproj", "{96E5EA52-C12F-4184-80E4-EC9578494710}"
EndProject
Project("{9A19103F-16F7-4668-BE54-9A1E7A4F7556}") = "AiGisConverter.Plugins.Lidar", "plugins\AiGisConverter.Plugins.Lidar\AiGisConverter.Plugins.Lidar.csproj", "{5E4D3BE6-FF73-4B63-AB6B-EE34331003F6}"
EndProject
Project("{9A19103F-16F7-4668-BE54-9A1E7A4F7556}") = "AiGisConverter.Plugins.Pdf", "plugins\AiGisConverter.Plugins.Pdf\AiGisConverter.Plugins.Pdf.csproj", "{7F4F68A9-0B53-4256-BEBB-63A09270DE10}"
EndProject
Project("{9A19103F-16F7-4668-BE54-9A1E7A4F7556}") = "AiGisConverter.Plugins.PointCloud", "plugins\AiGisConverter.Plugins.PointCloud\AiGisConverter.Plugins.PointCloud.csproj", "{38B190D2-C8DA-4ECF-A172-151A16D88F98}"
EndProject
Project("{9A19103F-16F7-4668-BE54-9A1E7A4F7556}") = "AiGisConverter.Plugins.Revit", "plugins\AiGisConverter.Plugins.Revit\AiGisConverter.Plugins.Revit.csproj", "{F616CDA6-D938-4FAA-A9E9-0D2A1405431F}"
EndProject
Project("{9A19103F-16F7-4668-BE54-9A1E7A4F7556}") = "AiGisConverter.Ai.Tests", "tests\AiGisConverter.Ai.Tests\AiGisConverter.Ai.Tests.csproj", "{89398E3D-D28B-4C49-9238-8827A5201E8B}"
EndProject
Project("{9A19103F-16F7-4668-BE54-9A1E7A4F7556}") = "AiGisConverter.Application.Tests", "tests\AiGisConverter.Application.Tests\AiGisConverter.Application.Tests.csproj", "{7369D8A1-32D3-4E91-B615-49D557856076}"
EndProject
Project("{9A19103F-16F7-4668-BE54-9A1E7A4F7556}") = "AiGisConverter.Business.Tests", "tests\AiGisConverter.Business.Tests\AiGisConverter.Business.Tests.csproj", "{27A4D49F-B72A-43A8-9189-3D418182AA9D}"
EndProject
Project("{9A19103F-16F7-4668-BE54-9A1E7A4F7556}") = "AiGisConverter.Cad.Tests", "tests\AiGisConverter.Cad.Tests\AiGisConverter.Cad.Tests.csproj", "{5A2FA719-909C-4FE8-9357-ACB47B3749DC}"
EndProject
Project("{9A19103F-16F7-4668-BE54-9A1E7A4F7556}") = "AiGisConverter.Data.Tests", "tests\AiGisConverter.Data.Tests\AiGisConverter.Data.Tests.csproj", "{26D47A47-2538-4F56-AE1C-F391180339F6}"
EndProject
Project("{9A19103F-16F7-4668-BE54-9A1E7A4F7556}") = "AiGisConverter.Domain.Tests", "tests\AiGisConverter.Domain.Tests\AiGisConverter.Domain.Tests.csproj", "{83825DED-67B1-4A1A-81B5-B92B4D0C6715}"
EndProject
Project("{9A19103F-16F7-4668-BE54-9A1E7A4F7556}") = "AiGisConverter.Gis.Tests", "tests\AiGisConverter.Gis.Tests\AiGisConverter.Gis.Tests.csproj", "{ECBA3DD0-D174-41B5-895E-FD3A8B6F6A0A}"
EndProject
Project("{9A19103F-16F7-4668-BE54-9A1E7A4F7556}") = "AiGisConverter.Infrastructure.Tests", "tests\AiGisConverter.Infrastructure.Tests\AiGisConverter.Infrastructure.Tests.csproj", "{25519A02-490A-4CFF-A678-6C05696BF7A3}"
EndProject
Project("{9A19103F-16F7-4668-BE54-9A1E7A4F7556}") = "AiGisConverter.IntegrationTests", "tests\AiGisConverter.IntegrationTests\AiGisConverter.IntegrationTests.csproj", "{C49CFAC3-2666-4761-A385-1A67DD95F4AF}"
EndProject
Project("{9A19103F-16F7-4668-BE54-9A1E7A4F7556}") = "AiGisConverter.Presentation.Tests", "tests\AiGisConverter.Presentation.Tests\AiGisConverter.Presentation.Tests.csproj", "{39F8A256-7003-42F5-A81B-EFABC45B5711}"
EndProject
Project("{9A19103F-16F7-4668-BE54-9A1E7A4F7556}") = "AiGisConverter.QaQc.Tests", "tests\AiGisConverter.QaQc.Tests\AiGisConverter.QaQc.Tests.csproj", "{E77E8840-295C-4A91-9B5D-09AEB51601C7}"
EndProject
Project("{FAE04EC0-301F-11D3-BF4B-00C04F79EFBC}") = "AiGisConverter.MappingEditor", "src\AiGisConverter.MappingEditor\AiGisConverter.MappingEditor.csproj", "{6980EBAB-5DB0-43A4-9C99-81049438B4E3}"
EndProject
Project("{9A19103F-16F7-4668-BE54-9A1E7A4F7556}") = "AiGisConverter.Plugins.LandXml", "plugins\AiGisConverter.Plugins.LandXml\AiGisConverter.Plugins.LandXml.csproj", "{E4FF8827-299C-4933-BD70-BE7782C6DED4}"
EndProject
Project("{9A19103F-16F7-4668-BE54-9A1E7A4F7556}") = "AiGisConverter.Plugins.LandXml.Tests", "tests\AiGisConverter.Plugins.LandXml.Tests\AiGisConverter.Plugins.LandXml.Tests.csproj", "{79EDD21E-D6E1-4405-8757-D4301A9BF895}"
EndProject
Project("{9A19103F-16F7-4668-BE54-9A1E7A4F7556}") = "AiGisConverter.Plugins.Ifc.Tests", "tests\AiGisConverter.Plugins.Ifc.Tests\AiGisConverter.Plugins.Ifc.Tests.csproj", "{DA68B5A6-7F50-4FA5-8FD2-968ECDCAE480}"
EndProject
Project("{9A19103F-16F7-4668-BE54-9A1E7A4F7556}") = "AiGisConverter.Addin.Revit", "addins\AiGisConverter.Addin.Revit\AiGisConverter.Addin.Revit.csproj", "{3E1B7C24-5A88-4F6E-9C31-2D7A4B0E8F55}"
EndProject
Global
	GlobalSection(SolutionConfigurationPlatforms) = preSolution
		Debug|x64 = Debug|x64
		Debug|Any CPU = Debug|Any CPU
		Debug|x86 = Debug|x86
		Release|x64 = Release|x64
		Release|Any CPU = Release|Any CPU
		Release|x86 = Release|x86
	EndGlobalSection
	GlobalSection(ProjectConfigurationPlatforms) = postSolution
		{D64A13DF-D335-4EBD-A322-659E120AB9F1}.Debug|x64.ActiveCfg = Debug|x64
		{D64A13DF-D335-4EBD-A322-659E120AB9F1}.Debug|x64.Build.0 = Debug|x64
		{D64A13DF-D335-4EBD-A322-659E120AB9F1}.Debug|Any CPU.ActiveCfg = Debug|Any CPU
		{D64A13DF-D335-4EBD-A322-659E120AB9F1}.Debug|Any CPU.Build.0 = Debug|Any CPU
		{D64A13DF-D335-4EBD-A322-659E120AB9F1}.Debug|x86.ActiveCfg = Debug|Any CPU
		{D64A13DF-D335-4EBD-A322-659E120AB9F1}.Debug|x86.Build.0 = Debug|Any CPU
		{D64A13DF-D335-4EBD-A322-659E120AB9F1}.Release|x64.ActiveCfg = Release|x64
		{D64A13DF-D335-4EBD-A322-659E120AB9F1}.Release|x64.Build.0 = Release|x64
		{D64A13DF-D335-4EBD-A322-659E120AB9F1}.Release|Any CPU.ActiveCfg = Release|Any CPU
		{D64A13DF-D335-4EBD-A322-659E120AB9F1}.Release|Any CPU.Build.0 = Release|Any CPU
		{D64A13DF-D335-4EBD-A322-659E120AB9F1}.Release|x86.ActiveCfg = Release|Any CPU
		{D64A13DF-D335-4EBD-A322-659E120AB9F1}.Release|x86.Build.0 = Release|Any CPU
		{24052321-E0B8-42B7-9226-BC05C941161D}.Debug|x64.ActiveCfg = Debug|x64
		{24052321-E0B8-42B7-9226-BC05C941161D}.Debug|x64.Build.0 = Debug|x64
		{24052321-E0B8-42B7-9226-BC05C941161D}.Debug|Any CPU.ActiveCfg = Debug|Any CPU
		{24052321-E0B8-42B7-9226-BC05C941161D}.Debug|Any CPU.Build.0 = Debug|Any CPU
		{24052321-E0B8-42B7-9226-BC05C941161D}.Debug|x86.ActiveCfg = Debug|Any CPU
		{24052321-E0B8-42B7-9226-BC05C941161D}.Debug|x86.Build.0 = Debug|Any CPU
		{24052321-E0B8-42B7-9226-BC05C941161D}.Release|x64.ActiveCfg = Release|x64
		{24052321-E0B8-42B7-9226-BC05C941161D}.Release|x64.Build.0 = Release|x64
		{24052321-E0B8-42B7-9226-BC05C941161D}.Release|Any CPU.ActiveCfg = Release|Any CPU
		{24052321-E0B8-42B7-9226-BC05C941161D}.Release|Any CPU.Build.0 = Release|Any CPU
		{24052321-E0B8-42B7-9226-BC05C941161D}.Release|x86.ActiveCfg = Release|Any CPU
		{24052321-E0B8-42B7-9226-BC05C941161D}.Release|x86.Build.0 = Release|Any CPU
		{5BBAC421-608D-45CB-B641-5C6663187989}.Debug|x64.ActiveCfg = Debug|x64
		{5BBAC421-608D-45CB-B641-5C6663187989}.Debug|x64.Build.0 = Debug|x64
		{5BBAC421-608D-45CB-B641-5C6663187989}.Debug|Any CPU.ActiveCfg = Debug|Any CPU
		{5BBAC421-608D-45CB-B641-5C6663187989}.Debug|Any CPU.Build.0 = Debug|Any CPU
		{5BBAC421-608D-45CB-B641-5C6663187989}.Debug|x86.ActiveCfg = Debug|Any CPU
		{5BBAC421-608D-45CB-B641-5C6663187989}.Debug|x86.Build.0 = Debug|Any CPU
		{5BBAC421-608D-45CB-B641-5C6663187989}.Release|x64.ActiveCfg = Release|x64
		{5BBAC421-608D-45CB-B641-5C6663187989}.Release|x64.Build.0 = Release|x64
		{5BBAC421-608D-45CB-B641-5C6663187989}.Release|Any CPU.ActiveCfg = Release|Any CPU
		{5BBAC421-608D-45CB-B641-5C6663187989}.Release|Any CPU.Build.0 = Release|Any CPU
		{5BBAC421-608D-45CB-B641-5C6663187989}.Release|x86.ActiveCfg = Release|Any CPU
		{5BBAC421-608D-45CB-B641-5C6663187989}.Release|x86.Build.0 = Release|Any CPU
		{4E6ECA9A-B9C7-4EA9-9E9B-AF696232960C}.Debug|x64.ActiveCfg = Debug|x64
		{4E6ECA9A-B9C7-4EA9-9E9B-AF696232960C}.Debug|x64.Build.0 = Debug|x64
		{4E6ECA9A-B9C7-4EA9-9E9B-AF696232960C}.Debug|Any CPU.ActiveCfg = Debug|Any CPU
		{4E6ECA9A-B9C7-4EA9-9E9B-AF696232960C}.Debug|Any CPU.Build.0 = Debug|Any CPU
		{4E6ECA9A-B9C7-4EA9-9E9B-AF696232960C}.Debug|x86.ActiveCfg = Debug|Any CPU
		{4E6ECA9A-B9C7-4EA9-9E9B-AF696232960C}.Debug|x86.Build.0 = Debug|Any CPU
		{4E6ECA9A-B9C7-4EA9-9E9B-AF696232960C}.Release|x64.ActiveCfg = Release|x64
		{4E6ECA9A-B9C7-4EA9-9E9B-AF696232960C}.Release|x64.Build.0 = Release|x64
		{4E6ECA9A-B9C7-4EA9-9E9B-AF696232960C}.Release|Any CPU.ActiveCfg = Release|Any CPU
		{4E6ECA9A-B9C7-4EA9-9E9B-AF696232960C}.Release|Any CPU.Build.0 = Release|Any CPU
		{4E6ECA9A-B9C7-4EA9-9E9B-AF696232960C}.Release|x86.ActiveCfg = Release|Any CPU
		{4E6ECA9A-B9C7-4EA9-9E9B-AF696232960C}.Release|x86.Build.0 = Release|Any CPU
		{1D7CD494-72BB-4E84-807A-7B72861119D4}.Debug|x64.ActiveCfg = Debug|x64
		{1D7CD494-72BB-4E84-807A-7B72861119D4}.Debug|x64.Build.0 = Debug|x64
		{1D7CD494-72BB-4E84-807A-7B72861119D4}.Debug|Any CPU.ActiveCfg = Debug|Any CPU
		{1D7CD494-72BB-4E84-807A-7B72861119D4}.Debug|Any CPU.Build.0 = Debug|Any CPU
		{1D7CD494-72BB-4E84-807A-7B72861119D4}.Debug|x86.ActiveCfg = Debug|Any CPU
		{1D7CD494-72BB-4E84-807A-7B72861119D4}.Debug|x86.Build.0 = Debug|Any CPU
		{1D7CD494-72BB-4E84-807A-7B72861119D4}.Release|x64.ActiveCfg = Release|x64
		{1D7CD494-72BB-4E84-807A-7B72861119D4}.Release|x64.Build.0 = Release|x64
		{1D7CD494-72BB-4E84-807A-7B72861119D4}.Release|Any CPU.ActiveCfg = Release|Any CPU
		{1D7CD494-72BB-4E84-807A-7B72861119D4}.Release|Any CPU.Build.0 = Release|Any CPU
		{1D7CD494-72BB-4E84-807A-7B72861119D4}.Release|x86.ActiveCfg = Release|Any CPU
		{1D7CD494-72BB-4E84-807A-7B72861119D4}.Release|x86.Build.0 = Release|Any CPU
		{DF2E7F56-2050-447D-A2C5-11E9C0C1D1DE}.Debug|x64.ActiveCfg = Debug|x64
		{DF2E7F56-2050-447D-A2C5-11E9C0C1D1DE}.Debug|x64.Build.0 = Debug|x64
		{DF2E7F56-2050-447D-A2C5-11E9C0C1D1DE}.Debug|Any CPU.ActiveCfg = Debug|Any CPU
		{DF2E7F56-2050-447D-A2C5-11E9C0C1D1DE}.Debug|Any CPU.Build.0 = Debug|Any CPU
		{DF2E7F56-2050-447D-A2C5-11E9C0C1D1DE}.Debug|x86.ActiveCfg = Debug|Any CPU
		{DF2E7F56-2050-447D-A2C5-11E9C0C1D1DE}.Debug|x86.Build.0 = Debug|Any CPU
		{DF2E7F56-2050-447D-A2C5-11E9C0C1D1DE}.Release|x64.ActiveCfg = Release|x64
		{DF2E7F56-2050-447D-A2C5-11E9C0C1D1DE}.Release|x64.Build.0 = Release|x64
		{DF2E7F56-2050-447D-A2C5-11E9C0C1D1DE}.Release|Any CPU.ActiveCfg = Release|Any CPU
		{DF2E7F56-2050-447D-A2C5-11E9C0C1D1DE}.Release|Any CPU.Build.0 = Release|Any CPU
		{DF2E7F56-2050-447D-A2C5-11E9C0C1D1DE}.Release|x86.ActiveCfg = Release|Any CPU
		{DF2E7F56-2050-447D-A2C5-11E9C0C1D1DE}.Release|x86.Build.0 = Release|Any CPU
		{92AFF1D4-E185-48EF-9376-DD86A47291F2}.Debug|x64.ActiveCfg = Debug|x64
		{92AFF1D4-E185-48EF-9376-DD86A47291F2}.Debug|x64.Build.0 = Debug|x64
		{92AFF1D4-E185-48EF-9376-DD86A47291F2}.Debug|Any CPU.ActiveCfg = Debug|Any CPU
		{92AFF1D4-E185-48EF-9376-DD86A47291F2}.Debug|Any CPU.Build.0 = Debug|Any CPU
		{92AFF1D4-E185-48EF-9376-DD86A47291F2}.Debug|x86.ActiveCfg = Debug|Any CPU
		{92AFF1D4-E185-48EF-9376-DD86A47291F2}.Debug|x86.Build.0 = Debug|Any CPU
		{92AFF1D4-E185-48EF-9376-DD86A47291F2}.Release|x64.ActiveCfg = Release|x64
		{92AFF1D4-E185-48EF-9376-DD86A47291F2}.Release|x64.Build.0 = Release|x64
		{92AFF1D4-E185-48EF-9376-DD86A47291F2}.Release|Any CPU.ActiveCfg = Release|Any CPU
		{92AFF1D4-E185-48EF-9376-DD86A47291F2}.Release|Any CPU.Build.0 = Release|Any CPU
		{92AFF1D4-E185-48EF-9376-DD86A47291F2}.Release|x86.ActiveCfg = Release|Any CPU
		{92AFF1D4-E185-48EF-9376-DD86A47291F2}.Release|x86.Build.0 = Release|Any CPU
		{E1F0C623-17BE-466A-B352-01D7E59CCAF6}.Debug|x64.ActiveCfg = Debug|x64
		{E1F0C623-17BE-466A-B352-01D7E59CCAF6}.Debug|x64.Build.0 = Debug|x64
		{E1F0C623-17BE-466A-B352-01D7E59CCAF6}.Debug|Any CPU.ActiveCfg = Debug|Any CPU
		{E1F0C623-17BE-466A-B352-01D7E59CCAF6}.Debug|Any CPU.Build.0 = Debug|Any CPU
		{E1F0C623-17BE-466A-B352-01D7E59CCAF6}.Debug|x86.ActiveCfg = Debug|Any CPU
		{E1F0C623-17BE-466A-B352-01D7E59CCAF6}.Debug|x86.Build.0 = Debug|Any CPU
		{E1F0C623-17BE-466A-B352-01D7E59CCAF6}.Release|x64.ActiveCfg = Release|x64
		{E1F0C623-17BE-466A-B352-01D7E59CCAF6}.Release|x64.Build.0 = Release|x64
		{E1F0C623-17BE-466A-B352-01D7E59CCAF6}.Release|Any CPU.ActiveCfg = Release|Any CPU
		{E1F0C623-17BE-466A-B352-01D7E59CCAF6}.Release|Any CPU.Build.0 = Release|Any CPU
		{E1F0C623-17BE-466A-B352-01D7E59CCAF6}.Release|x86.ActiveCfg = Release|Any CPU
		{E1F0C623-17BE-466A-B352-01D7E59CCAF6}.Release|x86.Build.0 = Release|Any CPU
		{EC3837C5-547F-4A63-BB24-2AC75AAC3453}.Debug|x64.ActiveCfg = Debug|x64
		{EC3837C5-547F-4A63-BB24-2AC75AAC3453}.Debug|x64.Build.0 = Debug|x64
		{EC3837C5-547F-4A63-BB24-2AC75AAC3453}.Debug|Any CPU.ActiveCfg = Debug|Any CPU
		{EC3837C5-547F-4A63-BB24-2AC75AAC3453}.Debug|Any CPU.Build.0 = Debug|Any CPU
		{EC3837C5-547F-4A63-BB24-2AC75AAC3453}.Debug|x86.ActiveCfg = Debug|Any CPU
		{EC3837C5-547F-4A63-BB24-2AC75AAC3453}.Debug|x86.Build.0 = Debug|Any CPU
		{EC3837C5-547F-4A63-BB24-2AC75AAC3453}.Release|x64.ActiveCfg = Release|x64
		{EC3837C5-547F-4A63-BB24-2AC75AAC3453}.Release|x64.Build.0 = Release|x64
		{EC3837C5-547F-4A63-BB24-2AC75AAC3453}.Release|Any CPU.ActiveCfg = Release|Any CPU
		{EC3837C5-547F-4A63-BB24-2AC75AAC3453}.Release|Any CPU.Build.0 = Release|Any CPU
		{EC3837C5-547F-4A63-BB24-2AC75AAC3453}.Release|x86.ActiveCfg = Release|Any CPU
		{EC3837C5-547F-4A63-BB24-2AC75AAC3453}.Release|x86.Build.0 = Release|Any CPU
		{DBE81648-11E7-420B-B0A5-9A51819CB9CB}.Debug|x64.ActiveCfg = Debug|x64
		{DBE81648-11E7-420B-B0A5-9A51819CB9CB}.Debug|x64.Build.0 = Debug|x64
		{DBE81648-11E7-420B-B0A5-9A51819CB9CB}.Debug|Any CPU.ActiveCfg = Debug|Any CPU
		{DBE81648-11E7-420B-B0A5-9A51819CB9CB}.Debug|Any CPU.Build.0 = Debug|Any CPU
		{DBE81648-11E7-420B-B0A5-9A51819CB9CB}.Debug|x86.ActiveCfg = Debug|Any CPU
		{DBE81648-11E7-420B-B0A5-9A51819CB9CB}.Debug|x86.Build.0 = Debug|Any CPU
		{DBE81648-11E7-420B-B0A5-9A51819CB9CB}.Release|x64.ActiveCfg = Release|x64
		{DBE81648-11E7-420B-B0A5-9A51819CB9CB}.Release|x64.Build.0 = Release|x64
		{DBE81648-11E7-420B-B0A5-9A51819CB9CB}.Release|Any CPU.ActiveCfg = Release|Any CPU
		{DBE81648-11E7-420B-B0A5-9A51819CB9CB}.Release|Any CPU.Build.0 = Release|Any CPU
		{DBE81648-11E7-420B-B0A5-9A51819CB9CB}.Release|x86.ActiveCfg = Release|Any CPU
		{DBE81648-11E7-420B-B0A5-9A51819CB9CB}.Release|x86.Build.0 = Release|Any CPU
		{8C65A5A9-36D3-47EC-B40D-DE1360CD6197}.Debug|x64.ActiveCfg = Debug|x64
		{8C65A5A9-36D3-47EC-B40D-DE1360CD6197}.Debug|x64.Build.0 = Debug|x64
		{8C65A5A9-36D3-47EC-B40D-DE1360CD6197}.Debug|Any CPU.ActiveCfg = Debug|Any CPU
		{8C65A5A9-36D3-47EC-B40D-DE1360CD6197}.Debug|Any CPU.Build.0 = Debug|Any CPU
		{8C65A5A9-36D3-47EC-B40D-DE1360CD6197}.Debug|x86.ActiveCfg = Debug|Any CPU
		{8C65A5A9-36D3-47EC-B40D-DE1360CD6197}.Debug|x86.Build.0 = Debug|Any CPU
		{8C65A5A9-36D3-47EC-B40D-DE1360CD6197}.Release|x64.ActiveCfg = Release|x64
		{8C65A5A9-36D3-47EC-B40D-DE1360CD6197}.Release|x64.Build.0 = Release|x64
		{8C65A5A9-36D3-47EC-B40D-DE1360CD6197}.Release|Any CPU.ActiveCfg = Release|Any CPU
		{8C65A5A9-36D3-47EC-B40D-DE1360CD6197}.Release|Any CPU.Build.0 = Release|Any CPU
		{8C65A5A9-36D3-47EC-B40D-DE1360CD6197}.Release|x86.ActiveCfg = Release|Any CPU
		{8C65A5A9-36D3-47EC-B40D-DE1360CD6197}.Release|x86.Build.0 = Release|Any CPU
		{2924FAC1-F67C-4A6F-8BB8-EE07D48E3213}.Debug|x64.ActiveCfg = Debug|x64
		{2924FAC1-F67C-4A6F-8BB8-EE07D48E3213}.Debug|x64.Build.0 = Debug|x64
		{2924FAC1-F67C-4A6F-8BB8-EE07D48E3213}.Debug|Any CPU.ActiveCfg = Debug|Any CPU
		{2924FAC1-F67C-4A6F-8BB8-EE07D48E3213}.Debug|Any CPU.Build.0 = Debug|Any CPU
		{2924FAC1-F67C-4A6F-8BB8-EE07D48E3213}.Debug|x86.ActiveCfg = Debug|Any CPU
		{2924FAC1-F67C-4A6F-8BB8-EE07D48E3213}.Debug|x86.Build.0 = Debug|Any CPU
		{2924FAC1-F67C-4A6F-8BB8-EE07D48E3213}.Release|x64.ActiveCfg = Release|x64
		{2924FAC1-F67C-4A6F-8BB8-EE07D48E3213}.Release|x64.Build.0 = Release|x64
		{2924FAC1-F67C-4A6F-8BB8-EE07D48E3213}.Release|Any CPU.ActiveCfg = Release|Any CPU
		{2924FAC1-F67C-4A6F-8BB8-EE07D48E3213}.Release|Any CPU.Build.0 = Release|Any CPU
		{2924FAC1-F67C-4A6F-8BB8-EE07D48E3213}.Release|x86.ActiveCfg = Release|Any CPU
		{2924FAC1-F67C-4A6F-8BB8-EE07D48E3213}.Release|x86.Build.0 = Release|Any CPU
		{57CF4F39-6C77-49F4-BEE1-A663668F9CA1}.Debug|x64.ActiveCfg = Debug|x64
		{57CF4F39-6C77-49F4-BEE1-A663668F9CA1}.Debug|x64.Build.0 = Debug|x64
		{57CF4F39-6C77-49F4-BEE1-A663668F9CA1}.Debug|Any CPU.ActiveCfg = Debug|Any CPU
		{57CF4F39-6C77-49F4-BEE1-A663668F9CA1}.Debug|Any CPU.Build.0 = Debug|Any CPU
		{57CF4F39-6C77-49F4-BEE1-A663668F9CA1}.Debug|x86.ActiveCfg = Debug|Any CPU
		{57CF4F39-6C77-49F4-BEE1-A663668F9CA1}.Debug|x86.Build.0 = Debug|Any CPU
		{57CF4F39-6C77-49F4-BEE1-A663668F9CA1}.Release|x64.ActiveCfg = Release|x64
		{57CF4F39-6C77-49F4-BEE1-A663668F9CA1}.Release|x64.Build.0 = Release|x64
		{57CF4F39-6C77-49F4-BEE1-A663668F9CA1}.Release|Any CPU.ActiveCfg = Release|Any CPU
		{57CF4F39-6C77-49F4-BEE1-A663668F9CA1}.Release|Any CPU.Build.0 = Release|Any CPU
		{57CF4F39-6C77-49F4-BEE1-A663668F9CA1}.Release|x86.ActiveCfg = Release|Any CPU
		{57CF4F39-6C77-49F4-BEE1-A663668F9CA1}.Release|x86.Build.0 = Release|Any CPU
		{FCA82379-EC2C-439B-AA47-78C4906E437F}.Debug|x64.ActiveCfg = Debug|x64
		{FCA82379-EC2C-439B-AA47-78C4906E437F}.Debug|x64.Build.0 = Debug|x64
		{FCA82379-EC2C-439B-AA47-78C4906E437F}.Debug|Any CPU.ActiveCfg = Debug|x64
		{FCA82379-EC2C-439B-AA47-78C4906E437F}.Debug|Any CPU.Build.0 = Debug|x64
		{FCA82379-EC2C-439B-AA47-78C4906E437F}.Debug|x86.ActiveCfg = Debug|x64
		{FCA82379-EC2C-439B-AA47-78C4906E437F}.Debug|x86.Build.0 = Debug|x64
		{FCA82379-EC2C-439B-AA47-78C4906E437F}.Release|x64.ActiveCfg = Release|x64
		{FCA82379-EC2C-439B-AA47-78C4906E437F}.Release|x64.Build.0 = Release|x64
		{FCA82379-EC2C-439B-AA47-78C4906E437F}.Release|Any CPU.ActiveCfg = Release|x64
		{FCA82379-EC2C-439B-AA47-78C4906E437F}.Release|Any CPU.Build.0 = Release|x64
		{FCA82379-EC2C-439B-AA47-78C4906E437F}.Release|x86.ActiveCfg = Release|x64
		{FCA82379-EC2C-439B-AA47-78C4906E437F}.Release|x86.Build.0 = Release|x64
		{881590F2-8C5B-48F7-9596-7ECD1FCC3079}.Debug|x64.ActiveCfg = Debug|x64
		{881590F2-8C5B-48F7-9596-7ECD1FCC3079}.Debug|x64.Build.0 = Debug|x64
		{881590F2-8C5B-48F7-9596-7ECD1FCC3079}.Debug|Any CPU.ActiveCfg = Debug|Any CPU
		{881590F2-8C5B-48F7-9596-7ECD1FCC3079}.Debug|Any CPU.Build.0 = Debug|Any CPU
		{881590F2-8C5B-48F7-9596-7ECD1FCC3079}.Debug|x86.ActiveCfg = Debug|Any CPU
		{881590F2-8C5B-48F7-9596-7ECD1FCC3079}.Debug|x86.Build.0 = Debug|Any CPU
		{881590F2-8C5B-48F7-9596-7ECD1FCC3079}.Release|x64.ActiveCfg = Release|x64
		{881590F2-8C5B-48F7-9596-7ECD1FCC3079}.Release|x64.Build.0 = Release|x64
		{881590F2-8C5B-48F7-9596-7ECD1FCC3079}.Release|Any CPU.ActiveCfg = Release|Any CPU
		{881590F2-8C5B-48F7-9596-7ECD1FCC3079}.Release|Any CPU.Build.0 = Release|Any CPU
		{881590F2-8C5B-48F7-9596-7ECD1FCC3079}.Release|x86.ActiveCfg = Release|Any CPU
		{881590F2-8C5B-48F7-9596-7ECD1FCC3079}.Release|x86.Build.0 = Release|Any CPU
		{9611C3E8-3A64-4CC2-B520-A5EE21C4D515}.Debug|x64.ActiveCfg = Debug|x64
		{9611C3E8-3A64-4CC2-B520-A5EE21C4D515}.Debug|x64.Build.0 = Debug|x64
		{9611C3E8-3A64-4CC2-B520-A5EE21C4D515}.Debug|Any CPU.ActiveCfg = Debug|Any CPU
		{9611C3E8-3A64-4CC2-B520-A5EE21C4D515}.Debug|Any CPU.Build.0 = Debug|Any CPU
		{9611C3E8-3A64-4CC2-B520-A5EE21C4D515}.Debug|x86.ActiveCfg = Debug|Any CPU
		{9611C3E8-3A64-4CC2-B520-A5EE21C4D515}.Debug|x86.Build.0 = Debug|Any CPU
		{9611C3E8-3A64-4CC2-B520-A5EE21C4D515}.Release|x64.ActiveCfg = Release|x64
		{9611C3E8-3A64-4CC2-B520-A5EE21C4D515}.Release|x64.Build.0 = Release|x64
		{9611C3E8-3A64-4CC2-B520-A5EE21C4D515}.Release|Any CPU.ActiveCfg = Release|Any CPU
		{9611C3E8-3A64-4CC2-B520-A5EE21C4D515}.Release|Any CPU.Build.0 = Release|Any CPU
		{9611C3E8-3A64-4CC2-B520-A5EE21C4D515}.Release|x86.ActiveCfg = Release|Any CPU
		{9611C3E8-3A64-4CC2-B520-A5EE21C4D515}.Release|x86.Build.0 = Release|Any CPU
		{B604614D-7BB4-41BA-B8A9-F383BA001AC5}.Debug|x64.ActiveCfg = Debug|x64
		{B604614D-7BB4-41BA-B8A9-F383BA001AC5}.Debug|x64.Build.0 = Debug|x64
		{B604614D-7BB4-41BA-B8A9-F383BA001AC5}.Debug|Any CPU.ActiveCfg = Debug|Any CPU
		{B604614D-7BB4-41BA-B8A9-F383BA001AC5}.Debug|Any CPU.Build.0 = Debug|Any CPU
		{B604614D-7BB4-41BA-B8A9-F383BA001AC5}.Debug|x86.ActiveCfg = Debug|Any CPU
		{B604614D-7BB4-41BA-B8A9-F383BA001AC5}.Debug|x86.Build.0 = Debug|Any CPU
		{B604614D-7BB4-41BA-B8A9-F383BA001AC5}.Release|x64.ActiveCfg = Release|x64
		{B604614D-7BB4-41BA-B8A9-F383BA001AC5}.Release|x64.Build.0 = Release|x64
		{B604614D-7BB4-41BA-B8A9-F383BA001AC5}.Release|Any CPU.ActiveCfg = Release|Any CPU
		{B604614D-7BB4-41BA-B8A9-F383BA001AC5}.Release|Any CPU.Build.0 = Release|Any CPU
		{B604614D-7BB4-41BA-B8A9-F383BA001AC5}.Release|x86.ActiveCfg = Release|Any CPU
		{B604614D-7BB4-41BA-B8A9-F383BA001AC5}.Release|x86.Build.0 = Release|Any CPU
		{06DF37BC-07B5-4DCB-B236-0D1F435AFA0B}.Debug|x64.ActiveCfg = Debug|x64
		{06DF37BC-07B5-4DCB-B236-0D1F435AFA0B}.Debug|x64.Build.0 = Debug|x64
		{06DF37BC-07B5-4DCB-B236-0D1F435AFA0B}.Debug|Any CPU.ActiveCfg = Debug|Any CPU
		{06DF37BC-07B5-4DCB-B236-0D1F435AFA0B}.Debug|Any CPU.Build.0 = Debug|Any CPU
		{06DF37BC-07B5-4DCB-B236-0D1F435AFA0B}.Debug|x86.ActiveCfg = Debug|Any CPU
		{06DF37BC-07B5-4DCB-B236-0D1F435AFA0B}.Debug|x86.Build.0 = Debug|Any CPU
		{06DF37BC-07B5-4DCB-B236-0D1F435AFA0B}.Release|x64.ActiveCfg = Release|x64
		{06DF37BC-07B5-4DCB-B236-0D1F435AFA0B}.Release|x64.Build.0 = Release|x64
		{06DF37BC-07B5-4DCB-B236-0D1F435AFA0B}.Release|Any CPU.ActiveCfg = Release|Any CPU
		{06DF37BC-07B5-4DCB-B236-0D1F435AFA0B}.Release|Any CPU.Build.0 = Release|Any CPU
		{06DF37BC-07B5-4DCB-B236-0D1F435AFA0B}.Release|x86.ActiveCfg = Release|Any CPU
		{06DF37BC-07B5-4DCB-B236-0D1F435AFA0B}.Release|x86.Build.0 = Release|Any CPU
		{7B6DC92D-E57C-489C-A59D-DD47485DC5F0}.Debug|x64.ActiveCfg = Debug|x64
		{7B6DC92D-E57C-489C-A59D-DD47485DC5F0}.Debug|x64.Build.0 = Debug|x64
		{7B6DC92D-E57C-489C-A59D-DD47485DC5F0}.Debug|Any CPU.ActiveCfg = Debug|Any CPU
		{7B6DC92D-E57C-489C-A59D-DD47485DC5F0}.Debug|Any CPU.Build.0 = Debug|Any CPU
		{7B6DC92D-E57C-489C-A59D-DD47485DC5F0}.Debug|x86.ActiveCfg = Debug|Any CPU
		{7B6DC92D-E57C-489C-A59D-DD47485DC5F0}.Debug|x86.Build.0 = Debug|Any CPU
		{7B6DC92D-E57C-489C-A59D-DD47485DC5F0}.Release|x64.ActiveCfg = Release|x64
		{7B6DC92D-E57C-489C-A59D-DD47485DC5F0}.Release|x64.Build.0 = Release|x64
		{7B6DC92D-E57C-489C-A59D-DD47485DC5F0}.Release|Any CPU.ActiveCfg = Release|Any CPU
		{7B6DC92D-E57C-489C-A59D-DD47485DC5F0}.Release|Any CPU.Build.0 = Release|Any CPU
		{7B6DC92D-E57C-489C-A59D-DD47485DC5F0}.Release|x86.ActiveCfg = Release|Any CPU
		{7B6DC92D-E57C-489C-A59D-DD47485DC5F0}.Release|x86.Build.0 = Release|Any CPU
		{0F150B2A-8FA9-45DA-B2DC-DFFEEAFA9303}.Debug|x64.ActiveCfg = Debug|x64
		{0F150B2A-8FA9-45DA-B2DC-DFFEEAFA9303}.Debug|x64.Build.0 = Debug|x64
		{0F150B2A-8FA9-45DA-B2DC-DFFEEAFA9303}.Debug|Any CPU.ActiveCfg = Debug|Any CPU
		{0F150B2A-8FA9-45DA-B2DC-DFFEEAFA9303}.Debug|Any CPU.Build.0 = Debug|Any CPU
		{0F150B2A-8FA9-45DA-B2DC-DFFEEAFA9303}.Debug|x86.ActiveCfg = Debug|Any CPU
		{0F150B2A-8FA9-45DA-B2DC-DFFEEAFA9303}.Debug|x86.Build.0 = Debug|Any CPU
		{0F150B2A-8FA9-45DA-B2DC-DFFEEAFA9303}.Release|x64.ActiveCfg = Release|x64
		{0F150B2A-8FA9-45DA-B2DC-DFFEEAFA9303}.Release|x64.Build.0 = Release|x64
		{0F150B2A-8FA9-45DA-B2DC-DFFEEAFA9303}.Release|Any CPU.ActiveCfg = Release|Any CPU
		{0F150B2A-8FA9-45DA-B2DC-DFFEEAFA9303}.Release|Any CPU.Build.0 = Release|Any CPU
		{0F150B2A-8FA9-45DA-B2DC-DFFEEAFA9303}.Release|x86.ActiveCfg = Release|Any CPU
		{0F150B2A-8FA9-45DA-B2DC-DFFEEAFA9303}.Release|x86.Build.0 = Release|Any CPU
		{88F1405C-27D6-491F-8B2D-288868399BA7}.Debug|x64.ActiveCfg = Debug|x64
		{88F1405C-27D6-491F-8B2D-288868399BA7}.Debug|x64.Build.0 = Debug|x64
		{88F1405C-27D6-491F-8B2D-288868399BA7}.Debug|Any CPU.ActiveCfg = Debug|Any CPU
		{88F1405C-27D6-491F-8B2D-288868399BA7}.Debug|Any CPU.Build.0 = Debug|Any CPU
		{88F1405C-27D6-491F-8B2D-288868399BA7}.Debug|x86.ActiveCfg = Debug|Any CPU
		{88F1405C-27D6-491F-8B2D-288868399BA7}.Debug|x86.Build.0 = Debug|Any CPU
		{88F1405C-27D6-491F-8B2D-288868399BA7}.Release|x64.ActiveCfg = Release|x64
		{88F1405C-27D6-491F-8B2D-288868399BA7}.Release|x64.Build.0 = Release|x64
		{88F1405C-27D6-491F-8B2D-288868399BA7}.Release|Any CPU.ActiveCfg = Release|Any CPU
		{88F1405C-27D6-491F-8B2D-288868399BA7}.Release|Any CPU.Build.0 = Release|Any CPU
		{88F1405C-27D6-491F-8B2D-288868399BA7}.Release|x86.ActiveCfg = Release|Any CPU
		{88F1405C-27D6-491F-8B2D-288868399BA7}.Release|x86.Build.0 = Release|Any CPU
		{851ED14D-E54D-43D9-A829-415117856C49}.Debug|x64.ActiveCfg = Debug|x64
		{851ED14D-E54D-43D9-A829-415117856C49}.Debug|x64.Build.0 = Debug|x64
		{851ED14D-E54D-43D9-A829-415117856C49}.Debug|Any CPU.ActiveCfg = Debug|Any CPU
		{851ED14D-E54D-43D9-A829-415117856C49}.Debug|Any CPU.Build.0 = Debug|Any CPU
		{851ED14D-E54D-43D9-A829-415117856C49}.Debug|x86.ActiveCfg = Debug|Any CPU
		{851ED14D-E54D-43D9-A829-415117856C49}.Debug|x86.Build.0 = Debug|Any CPU
		{851ED14D-E54D-43D9-A829-415117856C49}.Release|x64.ActiveCfg = Release|x64
		{851ED14D-E54D-43D9-A829-415117856C49}.Release|x64.Build.0 = Release|x64
		{851ED14D-E54D-43D9-A829-415117856C49}.Release|Any CPU.ActiveCfg = Release|Any CPU
		{851ED14D-E54D-43D9-A829-415117856C49}.Release|Any CPU.Build.0 = Release|Any CPU
		{851ED14D-E54D-43D9-A829-415117856C49}.Release|x86.ActiveCfg = Release|Any CPU
		{851ED14D-E54D-43D9-A829-415117856C49}.Release|x86.Build.0 = Release|Any CPU
		{96E5EA52-C12F-4184-80E4-EC9578494710}.Debug|x64.ActiveCfg = Debug|x64
		{96E5EA52-C12F-4184-80E4-EC9578494710}.Debug|x64.Build.0 = Debug|x64
		{96E5EA52-C12F-4184-80E4-EC9578494710}.Debug|Any CPU.ActiveCfg = Debug|Any CPU
		{96E5EA52-C12F-4184-80E4-EC9578494710}.Debug|Any CPU.Build.0 = Debug|Any CPU
		{96E5EA52-C12F-4184-80E4-EC9578494710}.Debug|x86.ActiveCfg = Debug|Any CPU
		{96E5EA52-C12F-4184-80E4-EC9578494710}.Debug|x86.Build.0 = Debug|Any CPU
		{96E5EA52-C12F-4184-80E4-EC9578494710}.Release|x64.ActiveCfg = Release|x64
		{96E5EA52-C12F-4184-80E4-EC9578494710}.Release|x64.Build.0 = Release|x64
		{96E5EA52-C12F-4184-80E4-EC9578494710}.Release|Any CPU.ActiveCfg = Release|Any CPU
		{96E5EA52-C12F-4184-80E4-EC9578494710}.Release|Any CPU.Build.0 = Release|Any CPU
		{96E5EA52-C12F-4184-80E4-EC9578494710}.Release|x86.ActiveCfg = Release|Any CPU
		{96E5EA52-C12F-4184-80E4-EC9578494710}.Release|x86.Build.0 = Release|Any CPU
		{5E4D3BE6-FF73-4B63-AB6B-EE34331003F6}.Debug|x64.ActiveCfg = Debug|x64
		{5E4D3BE6-FF73-4B63-AB6B-EE34331003F6}.Debug|x64.Build.0 = Debug|x64
		{5E4D3BE6-FF73-4B63-AB6B-EE34331003F6}.Debug|Any CPU.ActiveCfg = Debug|Any CPU
		{5E4D3BE6-FF73-4B63-AB6B-EE34331003F6}.Debug|Any CPU.Build.0 = Debug|Any CPU
		{5E4D3BE6-FF73-4B63-AB6B-EE34331003F6}.Debug|x86.ActiveCfg = Debug|Any CPU
		{5E4D3BE6-FF73-4B63-AB6B-EE34331003F6}.Debug|x86.Build.0 = Debug|Any CPU
		{5E4D3BE6-FF73-4B63-AB6B-EE34331003F6}.Release|x64.ActiveCfg = Release|x64
		{5E4D3BE6-FF73-4B63-AB6B-EE34331003F6}.Release|x64.Build.0 = Release|x64
		{5E4D3BE6-FF73-4B63-AB6B-EE34331003F6}.Release|Any CPU.ActiveCfg = Release|Any CPU
		{5E4D3BE6-FF73-4B63-AB6B-EE34331003F6}.Release|Any CPU.Build.0 = Release|Any CPU
		{5E4D3BE6-FF73-4B63-AB6B-EE34331003F6}.Release|x86.ActiveCfg = Release|Any CPU
		{5E4D3BE6-FF73-4B63-AB6B-EE34331003F6}.Release|x86.Build.0 = Release|Any CPU
		{7F4F68A9-0B53-4256-BEBB-63A09270DE10}.Debug|x64.ActiveCfg = Debug|x64
		{7F4F68A9-0B53-4256-BEBB-63A09270DE10}.Debug|x64.Build.0 = Debug|x64
		{7F4F68A9-0B53-4256-BEBB-63A09270DE10}.Debug|Any CPU.ActiveCfg = Debug|Any CPU
		{7F4F68A9-0B53-4256-BEBB-63A09270DE10}.Debug|Any CPU.Build.0 = Debug|Any CPU
		{7F4F68A9-0B53-4256-BEBB-63A09270DE10}.Debug|x86.ActiveCfg = Debug|Any CPU
		{7F4F68A9-0B53-4256-BEBB-63A09270DE10}.Debug|x86.Build.0 = Debug|Any CPU
		{7F4F68A9-0B53-4256-BEBB-63A09270DE10}.Release|x64.ActiveCfg = Release|x64
		{7F4F68A9-0B53-4256-BEBB-63A09270DE10}.Release|x64.Build.0 = Release|x64
		{7F4F68A9-0B53-4256-BEBB-63A09270DE10}.Release|Any CPU.ActiveCfg = Release|Any CPU
		{7F4F68A9-0B53-4256-BEBB-63A09270DE10}.Release|Any CPU.Build.0 = Release|Any CPU
		{7F4F68A9-0B53-4256-BEBB-63A09270DE10}.Release|x86.ActiveCfg = Release|Any CPU
		{7F4F68A9-0B53-4256-BEBB-63A09270DE10}.Release|x86.Build.0 = Release|Any CPU
		{38B190D2-C8DA-4ECF-A172-151A16D88F98}.Debug|x64.ActiveCfg = Debug|x64
		{38B190D2-C8DA-4ECF-A172-151A16D88F98}.Debug|x64.Build.0 = Debug|x64
		{38B190D2-C8DA-4ECF-A172-151A16D88F98}.Debug|Any CPU.ActiveCfg = Debug|Any CPU
		{38B190D2-C8DA-4ECF-A172-151A16D88F98}.Debug|Any CPU.Build.0 = Debug|Any CPU
		{38B190D2-C8DA-4ECF-A172-151A16D88F98}.Debug|x86.ActiveCfg = Debug|Any CPU
		{38B190D2-C8DA-4ECF-A172-151A16D88F98}.Debug|x86.Build.0 = Debug|Any CPU
		{38B190D2-C8DA-4ECF-A172-151A16D88F98}.Release|x64.ActiveCfg = Release|x64
		{38B190D2-C8DA-4ECF-A172-151A16D88F98}.Release|x64.Build.0 = Release|x64
		{38B190D2-C8DA-4ECF-A172-151A16D88F98}.Release|Any CPU.ActiveCfg = Release|Any CPU
		{38B190D2-C8DA-4ECF-A172-151A16D88F98}.Release|Any CPU.Build.0 = Release|Any CPU
		{38B190D2-C8DA-4ECF-A172-151A16D88F98}.Release|x86.ActiveCfg = Release|Any CPU
		{38B190D2-C8DA-4ECF-A172-151A16D88F98}.Release|x86.Build.0 = Release|Any CPU
		{F616CDA6-D938-4FAA-A9E9-0D2A1405431F}.Debug|x64.ActiveCfg = Debug|x64
		{F616CDA6-D938-4FAA-A9E9-0D2A1405431F}.Debug|x64.Build.0 = Debug|x64
		{F616CDA6-D938-4FAA-A9E9-0D2A1405431F}.Debug|Any CPU.ActiveCfg = Debug|Any CPU
		{F616CDA6-D938-4FAA-A9E9-0D2A1405431F}.Debug|Any CPU.Build.0 = Debug|Any CPU
		{F616CDA6-D938-4FAA-A9E9-0D2A1405431F}.Debug|x86.ActiveCfg = Debug|Any CPU
		{F616CDA6-D938-4FAA-A9E9-0D2A1405431F}.Debug|x86.Build.0 = Debug|Any CPU
		{F616CDA6-D938-4FAA-A9E9-0D2A1405431F}.Release|x64.ActiveCfg = Release|x64
		{F616CDA6-D938-4FAA-A9E9-0D2A1405431F}.Release|x64.Build.0 = Release|x64
		{F616CDA6-D938-4FAA-A9E9-0D2A1405431F}.Release|Any CPU.ActiveCfg = Release|Any CPU
		{F616CDA6-D938-4FAA-A9E9-0D2A1405431F}.Release|Any CPU.Build.0 = Release|Any CPU
		{F616CDA6-D938-4FAA-A9E9-0D2A1405431F}.Release|x86.ActiveCfg = Release|Any CPU
		{F616CDA6-D938-4FAA-A9E9-0D2A1405431F}.Release|x86.Build.0 = Release|Any CPU
		{89398E3D-D28B-4C49-9238-8827A5201E8B}.Debug|x64.ActiveCfg = Debug|x64
		{89398E3D-D28B-4C49-9238-8827A5201E8B}.Debug|x64.Build.0 = Debug|x64
		{89398E3D-D28B-4C49-9238-8827A5201E8B}.Debug|Any CPU.ActiveCfg = Debug|Any CPU
		{89398E3D-D28B-4C49-9238-8827A5201E8B}.Debug|Any CPU.Build.0 = Debug|Any CPU
		{89398E3D-D28B-4C49-9238-8827A5201E8B}.Debug|x86.ActiveCfg = Debug|Any CPU
		{89398E3D-D28B-4C49-9238-8827A5201E8B}.Debug|x86.Build.0 = Debug|Any CPU
		{89398E3D-D28B-4C49-9238-8827A5201E8B}.Release|x64.ActiveCfg = Release|x64
		{89398E3D-D28B-4C49-9238-8827A5201E8B}.Release|x64.Build.0 = Release|x64
		{89398E3D-D28B-4C49-9238-8827A5201E8B}.Release|Any CPU.ActiveCfg = Release|Any CPU
		{89398E3D-D28B-4C49-9238-8827A5201E8B}.Release|Any CPU.Build.0 = Release|Any CPU
		{89398E3D-D28B-4C49-9238-8827A5201E8B}.Release|x86.ActiveCfg = Release|Any CPU
		{89398E3D-D28B-4C49-9238-8827A5201E8B}.Release|x86.Build.0 = Release|Any CPU
		{7369D8A1-32D3-4E91-B615-49D557856076}.Debug|x64.ActiveCfg = Debug|x64
		{7369D8A1-32D3-4E91-B615-49D557856076}.Debug|x64.Build.0 = Debug|x64
		{7369D8A1-32D3-4E91-B615-49D557856076}.Debug|Any CPU.ActiveCfg = Debug|Any CPU
		{7369D8A1-32D3-4E91-B615-49D557856076}.Debug|Any CPU.Build.0 = Debug|Any CPU
		{7369D8A1-32D3-4E91-B615-49D557856076}.Debug|x86.ActiveCfg = Debug|Any CPU
		{7369D8A1-32D3-4E91-B615-49D557856076}.Debug|x86.Build.0 = Debug|Any CPU
		{7369D8A1-32D3-4E91-B615-49D557856076}.Release|x64.ActiveCfg = Release|x64
		{7369D8A1-32D3-4E91-B615-49D557856076}.Release|x64.Build.0 = Release|x64
		{7369D8A1-32D3-4E91-B615-49D557856076}.Release|Any CPU.ActiveCfg = Release|Any CPU
		{7369D8A1-32D3-4E91-B615-49D557856076}.Release|Any CPU.Build.0 = Release|Any CPU
		{7369D8A1-32D3-4E91-B615-49D557856076}.Release|x86.ActiveCfg = Release|Any CPU
		{7369D8A1-32D3-4E91-B615-49D557856076}.Release|x86.Build.0 = Release|Any CPU
		{27A4D49F-B72A-43A8-9189-3D418182AA9D}.Debug|x64.ActiveCfg = Debug|x64
		{27A4D49F-B72A-43A8-9189-3D418182AA9D}.Debug|x64.Build.0 = Debug|x64
		{27A4D49F-B72A-43A8-9189-3D418182AA9D}.Debug|Any CPU.ActiveCfg = Debug|Any CPU
		{27A4D49F-B72A-43A8-9189-3D418182AA9D}.Debug|Any CPU.Build.0 = Debug|Any CPU
		{27A4D49F-B72A-43A8-9189-3D418182AA9D}.Debug|x86.ActiveCfg = Debug|Any CPU
		{27A4D49F-B72A-43A8-9189-3D418182AA9D}.Debug|x86.Build.0 = Debug|Any CPU
		{27A4D49F-B72A-43A8-9189-3D418182AA9D}.Release|x64.ActiveCfg = Release|x64
		{27A4D49F-B72A-43A8-9189-3D418182AA9D}.Release|x64.Build.0 = Release|x64
		{27A4D49F-B72A-43A8-9189-3D418182AA9D}.Release|Any CPU.ActiveCfg = Release|Any CPU
		{27A4D49F-B72A-43A8-9189-3D418182AA9D}.Release|Any CPU.Build.0 = Release|Any CPU
		{27A4D49F-B72A-43A8-9189-3D418182AA9D}.Release|x86.ActiveCfg = Release|Any CPU
		{27A4D49F-B72A-43A8-9189-3D418182AA9D}.Release|x86.Build.0 = Release|Any CPU
		{5A2FA719-909C-4FE8-9357-ACB47B3749DC}.Debug|x64.ActiveCfg = Debug|x64
		{5A2FA719-909C-4FE8-9357-ACB47B3749DC}.Debug|x64.Build.0 = Debug|x64
		{5A2FA719-909C-4FE8-9357-ACB47B3749DC}.Debug|Any CPU.ActiveCfg = Debug|Any CPU
		{5A2FA719-909C-4FE8-9357-ACB47B3749DC}.Debug|Any CPU.Build.0 = Debug|Any CPU
		{5A2FA719-909C-4FE8-9357-ACB47B3749DC}.Debug|x86.ActiveCfg = Debug|Any CPU
		{5A2FA719-909C-4FE8-9357-ACB47B3749DC}.Debug|x86.Build.0 = Debug|Any CPU
		{5A2FA719-909C-4FE8-9357-ACB47B3749DC}.Release|x64.ActiveCfg = Release|x64
		{5A2FA719-909C-4FE8-9357-ACB47B3749DC}.Release|x64.Build.0 = Release|x64
		{5A2FA719-909C-4FE8-9357-ACB47B3749DC}.Release|Any CPU.ActiveCfg = Release|Any CPU
		{5A2FA719-909C-4FE8-9357-ACB47B3749DC}.Release|Any CPU.Build.0 = Release|Any CPU
		{5A2FA719-909C-4FE8-9357-ACB47B3749DC}.Release|x86.ActiveCfg = Release|Any CPU
		{5A2FA719-909C-4FE8-9357-ACB47B3749DC}.Release|x86.Build.0 = Release|Any CPU
		{26D47A47-2538-4F56-AE1C-F391180339F6}.Debug|x64.ActiveCfg = Debug|x64
		{26D47A47-2538-4F56-AE1C-F391180339F6}.Debug|x64.Build.0 = Debug|x64
		{26D47A47-2538-4F56-AE1C-F391180339F6}.Debug|Any CPU.ActiveCfg = Debug|Any CPU
		{26D47A47-2538-4F56-AE1C-F391180339F6}.Debug|Any CPU.Build.0 = Debug|Any CPU
		{26D47A47-2538-4F56-AE1C-F391180339F6}.Debug|x86.ActiveCfg = Debug|Any CPU
		{26D47A47-2538-4F56-AE1C-F391180339F6}.Debug|x86.Build.0 = Debug|Any CPU
		{26D47A47-2538-4F56-AE1C-F391180339F6}.Release|x64.ActiveCfg = Release|x64
		{26D47A47-2538-4F56-AE1C-F391180339F6}.Release|x64.Build.0 = Release|x64
		{26D47A47-2538-4F56-AE1C-F391180339F6}.Release|Any CPU.ActiveCfg = Release|Any CPU
		{26D47A47-2538-4F56-AE1C-F391180339F6}.Release|Any CPU.Build.0 = Release|Any CPU
		{26D47A47-2538-4F56-AE1C-F391180339F6}.Release|x86.ActiveCfg = Release|Any CPU
		{26D47A47-2538-4F56-AE1C-F391180339F6}.Release|x86.Build.0 = Release|Any CPU
		{83825DED-67B1-4A1A-81B5-B92B4D0C6715}.Debug|x64.ActiveCfg = Debug|x64
		{83825DED-67B1-4A1A-81B5-B92B4D0C6715}.Debug|x64.Build.0 = Debug|x64
		{83825DED-67B1-4A1A-81B5-B92B4D0C6715}.Debug|Any CPU.ActiveCfg = Debug|Any CPU
		{83825DED-67B1-4A1A-81B5-B92B4D0C6715}.Debug|Any CPU.Build.0 = Debug|Any CPU
		{83825DED-67B1-4A1A-81B5-B92B4D0C6715}.Debug|x86.ActiveCfg = Debug|Any CPU
		{83825DED-67B1-4A1A-81B5-B92B4D0C6715}.Debug|x86.Build.0 = Debug|Any CPU
		{83825DED-67B1-4A1A-81B5-B92B4D0C6715}.Release|x64.ActiveCfg = Release|x64
		{83825DED-67B1-4A1A-81B5-B92B4D0C6715}.Release|x64.Build.0 = Release|x64
		{83825DED-67B1-4A1A-81B5-B92B4D0C6715}.Release|Any CPU.ActiveCfg = Release|Any CPU
		{83825DED-67B1-4A1A-81B5-B92B4D0C6715}.Release|Any CPU.Build.0 = Release|Any CPU
		{83825DED-67B1-4A1A-81B5-B92B4D0C6715}.Release|x86.ActiveCfg = Release|Any CPU
		{83825DED-67B1-4A1A-81B5-B92B4D0C6715}.Release|x86.Build.0 = Release|Any CPU
		{ECBA3DD0-D174-41B5-895E-FD3A8B6F6A0A}.Debug|x64.ActiveCfg = Debug|x64
		{ECBA3DD0-D174-41B5-895E-FD3A8B6F6A0A}.Debug|x64.Build.0 = Debug|x64
		{ECBA3DD0-D174-41B5-895E-FD3A8B6F6A0A}.Debug|Any CPU.ActiveCfg = Debug|Any CPU
		{ECBA3DD0-D174-41B5-895E-FD3A8B6F6A0A}.Debug|Any CPU.Build.0 = Debug|Any CPU
		{ECBA3DD0-D174-41B5-895E-FD3A8B6F6A0A}.Debug|x86.ActiveCfg = Debug|Any CPU
		{ECBA3DD0-D174-41B5-895E-FD3A8B6F6A0A}.Debug|x86.Build.0 = Debug|Any CPU
		{ECBA3DD0-D174-41B5-895E-FD3A8B6F6A0A}.Release|x64.ActiveCfg = Release|x64
		{ECBA3DD0-D174-41B5-895E-FD3A8B6F6A0A}.Release|x64.Build.0 = Release|x64
		{ECBA3DD0-D174-41B5-895E-FD3A8B6F6A0A}.Release|Any CPU.ActiveCfg = Release|Any CPU
		{ECBA3DD0-D174-41B5-895E-FD3A8B6F6A0A}.Release|Any CPU.Build.0 = Release|Any CPU
		{ECBA3DD0-D174-41B5-895E-FD3A8B6F6A0A}.Release|x86.ActiveCfg = Release|Any CPU
		{ECBA3DD0-D174-41B5-895E-FD3A8B6F6A0A}.Release|x86.Build.0 = Release|Any CPU
		{25519A02-490A-4CFF-A678-6C05696BF7A3}.Debug|x64.ActiveCfg = Debug|x64
		{25519A02-490A-4CFF-A678-6C05696BF7A3}.Debug|x64.Build.0 = Debug|x64
		{25519A02-490A-4CFF-A678-6C05696BF7A3}.Debug|Any CPU.ActiveCfg = Debug|Any CPU
		{25519A02-490A-4CFF-A678-6C05696BF7A3}.Debug|Any CPU.Build.0 = Debug|Any CPU
		{25519A02-490A-4CFF-A678-6C05696BF7A3}.Debug|x86.ActiveCfg = Debug|Any CPU
		{25519A02-490A-4CFF-A678-6C05696BF7A3}.Debug|x86.Build.0 = Debug|Any CPU
		{25519A02-490A-4CFF-A678-6C05696BF7A3}.Release|x64.ActiveCfg = Release|x64
		{25519A02-490A-4CFF-A678-6C05696BF7A3}.Release|x64.Build.0 = Release|x64
		{25519A02-490A-4CFF-A678-6C05696BF7A3}.Release|Any CPU.ActiveCfg = Release|Any CPU
		{25519A02-490A-4CFF-A678-6C05696BF7A3}.Release|Any CPU.Build.0 = Release|Any CPU
		{25519A02-490A-4CFF-A678-6C05696BF7A3}.Release|x86.ActiveCfg = Release|Any CPU
		{25519A02-490A-4CFF-A678-6C05696BF7A3}.Release|x86.Build.0 = Release|Any CPU
		{C49CFAC3-2666-4761-A385-1A67DD95F4AF}.Debug|x64.ActiveCfg = Debug|x64
		{C49CFAC3-2666-4761-A385-1A67DD95F4AF}.Debug|x64.Build.0 = Debug|x64
		{C49CFAC3-2666-4761-A385-1A67DD95F4AF}.Debug|Any CPU.ActiveCfg = Debug|Any CPU
		{C49CFAC3-2666-4761-A385-1A67DD95F4AF}.Debug|Any CPU.Build.0 = Debug|Any CPU
		{C49CFAC3-2666-4761-A385-1A67DD95F4AF}.Debug|x86.ActiveCfg = Debug|Any CPU
		{C49CFAC3-2666-4761-A385-1A67DD95F4AF}.Debug|x86.Build.0 = Debug|Any CPU
		{C49CFAC3-2666-4761-A385-1A67DD95F4AF}.Release|x64.ActiveCfg = Release|x64
		{C49CFAC3-2666-4761-A385-1A67DD95F4AF}.Release|x64.Build.0 = Release|x64
		{C49CFAC3-2666-4761-A385-1A67DD95F4AF}.Release|Any CPU.ActiveCfg = Release|Any CPU
		{C49CFAC3-2666-4761-A385-1A67DD95F4AF}.Release|Any CPU.Build.0 = Release|Any CPU
		{C49CFAC3-2666-4761-A385-1A67DD95F4AF}.Release|x86.ActiveCfg = Release|Any CPU
		{C49CFAC3-2666-4761-A385-1A67DD95F4AF}.Release|x86.Build.0 = Release|Any CPU
		{39F8A256-7003-42F5-A81B-EFABC45B5711}.Debug|x64.ActiveCfg = Debug|x64
		{39F8A256-7003-42F5-A81B-EFABC45B5711}.Debug|x64.Build.0 = Debug|x64
		{39F8A256-7003-42F5-A81B-EFABC45B5711}.Debug|Any CPU.ActiveCfg = Debug|x64
		{39F8A256-7003-42F5-A81B-EFABC45B5711}.Debug|Any CPU.Build.0 = Debug|x64
		{39F8A256-7003-42F5-A81B-EFABC45B5711}.Debug|x86.ActiveCfg = Debug|x64
		{39F8A256-7003-42F5-A81B-EFABC45B5711}.Debug|x86.Build.0 = Debug|x64
		{39F8A256-7003-42F5-A81B-EFABC45B5711}.Release|x64.ActiveCfg = Release|x64
		{39F8A256-7003-42F5-A81B-EFABC45B5711}.Release|x64.Build.0 = Release|x64
		{39F8A256-7003-42F5-A81B-EFABC45B5711}.Release|Any CPU.ActiveCfg = Release|x64
		{39F8A256-7003-42F5-A81B-EFABC45B5711}.Release|Any CPU.Build.0 = Release|x64
		{39F8A256-7003-42F5-A81B-EFABC45B5711}.Release|x86.ActiveCfg = Release|x64
		{39F8A256-7003-42F5-A81B-EFABC45B5711}.Release|x86.Build.0 = Release|x64
		{E77E8840-295C-4A91-9B5D-09AEB51601C7}.Debug|x64.ActiveCfg = Debug|x64
		{E77E8840-295C-4A91-9B5D-09AEB51601C7}.Debug|x64.Build.0 = Debug|x64
		{E77E8840-295C-4A91-9B5D-09AEB51601C7}.Debug|Any CPU.ActiveCfg = Debug|Any CPU
		{E77E8840-295C-4A91-9B5D-09AEB51601C7}.Debug|Any CPU.Build.0 = Debug|Any CPU
		{E77E8840-295C-4A91-9B5D-09AEB51601C7}.Debug|x86.ActiveCfg = Debug|Any CPU
		{E77E8840-295C-4A91-9B5D-09AEB51601C7}.Debug|x86.Build.0 = Debug|Any CPU
		{E77E8840-295C-4A91-9B5D-09AEB51601C7}.Release|x64.ActiveCfg = Release|x64
		{E77E8840-295C-4A91-9B5D-09AEB51601C7}.Release|x64.Build.0 = Release|x64
		{E77E8840-295C-4A91-9B5D-09AEB51601C7}.Release|Any CPU.ActiveCfg = Release|Any CPU
		{E77E8840-295C-4A91-9B5D-09AEB51601C7}.Release|Any CPU.Build.0 = Release|Any CPU
		{E77E8840-295C-4A91-9B5D-09AEB51601C7}.Release|x86.ActiveCfg = Release|Any CPU
		{E77E8840-295C-4A91-9B5D-09AEB51601C7}.Release|x86.Build.0 = Release|Any CPU
		{6980EBAB-5DB0-43A4-9C99-81049438B4E3}.Debug|x64.ActiveCfg = Debug|x64
		{6980EBAB-5DB0-43A4-9C99-81049438B4E3}.Debug|x64.Build.0 = Debug|x64
		{6980EBAB-5DB0-43A4-9C99-81049438B4E3}.Debug|Any CPU.ActiveCfg = Debug|Any CPU
		{6980EBAB-5DB0-43A4-9C99-81049438B4E3}.Debug|Any CPU.Build.0 = Debug|Any CPU
		{6980EBAB-5DB0-43A4-9C99-81049438B4E3}.Debug|x86.ActiveCfg = Debug|Any CPU
		{6980EBAB-5DB0-43A4-9C99-81049438B4E3}.Debug|x86.Build.0 = Debug|Any CPU
		{6980EBAB-5DB0-43A4-9C99-81049438B4E3}.Release|x64.ActiveCfg = Release|x64
		{6980EBAB-5DB0-43A4-9C99-81049438B4E3}.Release|x64.Build.0 = Release|x64
		{6980EBAB-5DB0-43A4-9C99-81049438B4E3}.Release|Any CPU.ActiveCfg = Release|Any CPU
		{6980EBAB-5DB0-43A4-9C99-81049438B4E3}.Release|Any CPU.Build.0 = Release|Any CPU
		{6980EBAB-5DB0-43A4-9C99-81049438B4E3}.Release|x86.ActiveCfg = Release|Any CPU
		{6980EBAB-5DB0-43A4-9C99-81049438B4E3}.Release|x86.Build.0 = Release|Any CPU
		{E4FF8827-299C-4933-BD70-BE7782C6DED4}.Debug|x64.ActiveCfg = Debug|x64
		{E4FF8827-299C-4933-BD70-BE7782C6DED4}.Debug|x64.Build.0 = Debug|x64
		{E4FF8827-299C-4933-BD70-BE7782C6DED4}.Debug|Any CPU.ActiveCfg = Debug|Any CPU
		{E4FF8827-299C-4933-BD70-BE7782C6DED4}.Debug|Any CPU.Build.0 = Debug|Any CPU
		{E4FF8827-299C-4933-BD70-BE7782C6DED4}.Debug|x86.ActiveCfg = Debug|Any CPU
		{E4FF8827-299C-4933-BD70-BE7782C6DED4}.Debug|x86.Build.0 = Debug|Any CPU
		{E4FF8827-299C-4933-BD70-BE7782C6DED4}.Release|x64.ActiveCfg = Release|x64
		{E4FF8827-299C-4933-BD70-BE7782C6DED4}.Release|x64.Build.0 = Release|x64
		{E4FF8827-299C-4933-BD70-BE7782C6DED4}.Release|Any CPU.ActiveCfg = Release|Any CPU
		{E4FF8827-299C-4933-BD70-BE7782C6DED4}.Release|Any CPU.Build.0 = Release|Any CPU
		{E4FF8827-299C-4933-BD70-BE7782C6DED4}.Release|x86.ActiveCfg = Release|Any CPU
		{E4FF8827-299C-4933-BD70-BE7782C6DED4}.Release|x86.Build.0 = Release|Any CPU
		{79EDD21E-D6E1-4405-8757-D4301A9BF895}.Debug|x64.ActiveCfg = Debug|x64
		{79EDD21E-D6E1-4405-8757-D4301A9BF895}.Debug|x64.Build.0 = Debug|x64
		{79EDD21E-D6E1-4405-8757-D4301A9BF895}.Debug|Any CPU.ActiveCfg = Debug|Any CPU
		{79EDD21E-D6E1-4405-8757-D4301A9BF895}.Debug|Any CPU.Build.0 = Debug|Any CPU
		{79EDD21E-D6E1-4405-8757-D4301A9BF895}.Debug|x86.ActiveCfg = Debug|Any CPU
		{79EDD21E-D6E1-4405-8757-D4301A9BF895}.Debug|x86.Build.0 = Debug|Any CPU
		{79EDD21E-D6E1-4405-8757-D4301A9BF895}.Release|x64.ActiveCfg = Release|x64
		{79EDD21E-D6E1-4405-8757-D4301A9BF895}.Release|x64.Build.0 = Release|x64
		{79EDD21E-D6E1-4405-8757-D4301A9BF895}.Release|Any CPU.ActiveCfg = Release|Any CPU
		{79EDD21E-D6E1-4405-8757-D4301A9BF895}.Release|Any CPU.Build.0 = Release|Any CPU
		{79EDD21E-D6E1-4405-8757-D4301A9BF895}.Release|x86.ActiveCfg = Release|Any CPU
		{79EDD21E-D6E1-4405-8757-D4301A9BF895}.Release|x86.Build.0 = Release|Any CPU
		{DA68B5A6-7F50-4FA5-8FD2-968ECDCAE480}.Debug|x64.ActiveCfg = Debug|x64
		{DA68B5A6-7F50-4FA5-8FD2-968ECDCAE480}.Debug|x64.Build.0 = Debug|x64
		{DA68B5A6-7F50-4FA5-8FD2-968ECDCAE480}.Debug|Any CPU.ActiveCfg = Debug|Any CPU
		{DA68B5A6-7F50-4FA5-8FD2-968ECDCAE480}.Debug|Any CPU.Build.0 = Debug|Any CPU
		{DA68B5A6-7F50-4FA5-8FD2-968ECDCAE480}.Debug|x86.ActiveCfg = Debug|Any CPU
		{DA68B5A6-7F50-4FA5-8FD2-968ECDCAE480}.Debug|x86.Build.0 = Debug|Any CPU
		{DA68B5A6-7F50-4FA5-8FD2-968ECDCAE480}.Release|x64.ActiveCfg = Release|x64
		{DA68B5A6-7F50-4FA5-8FD2-968ECDCAE480}.Release|x64.Build.0 = Release|x64
		{DA68B5A6-7F50-4FA5-8FD2-968ECDCAE480}.Release|Any CPU.ActiveCfg = Release|Any CPU
		{DA68B5A6-7F50-4FA5-8FD2-968ECDCAE480}.Release|Any CPU.Build.0 = Release|Any CPU
		{DA68B5A6-7F50-4FA5-8FD2-968ECDCAE480}.Release|x86.ActiveCfg = Release|Any CPU
		{DA68B5A6-7F50-4FA5-8FD2-968ECDCAE480}.Release|x86.Build.0 = Release|Any CPU
		{3E1B7C24-5A88-4F6E-9C31-2D7A4B0E8F55}.Debug|x64.ActiveCfg = Debug|x64
		{3E1B7C24-5A88-4F6E-9C31-2D7A4B0E8F55}.Debug|x64.Build.0 = Debug|x64
		{3E1B7C24-5A88-4F6E-9C31-2D7A4B0E8F55}.Debug|Any CPU.ActiveCfg = Debug|Any CPU
		{3E1B7C24-5A88-4F6E-9C31-2D7A4B0E8F55}.Debug|Any CPU.Build.0 = Debug|Any CPU
		{3E1B7C24-5A88-4F6E-9C31-2D7A4B0E8F55}.Debug|x86.ActiveCfg = Debug|Any CPU
		{3E1B7C24-5A88-4F6E-9C31-2D7A4B0E8F55}.Debug|x86.Build.0 = Debug|Any CPU
		{3E1B7C24-5A88-4F6E-9C31-2D7A4B0E8F55}.Release|x64.ActiveCfg = Release|x64
		{3E1B7C24-5A88-4F6E-9C31-2D7A4B0E8F55}.Release|x64.Build.0 = Release|x64
		{3E1B7C24-5A88-4F6E-9C31-2D7A4B0E8F55}.Release|Any CPU.ActiveCfg = Release|Any CPU
		{3E1B7C24-5A88-4F6E-9C31-2D7A4B0E8F55}.Release|Any CPU.Build.0 = Release|Any CPU
		{3E1B7C24-5A88-4F6E-9C31-2D7A4B0E8F55}.Release|x86.ActiveCfg = Release|Any CPU
		{3E1B7C24-5A88-4F6E-9C31-2D7A4B0E8F55}.Release|x86.Build.0 = Release|Any CPU
	EndGlobalSection
	GlobalSection(SolutionProperties) = preSolution
		HideSolutionNode = FALSE
	EndGlobalSection
	GlobalSection(NestedProjects) = preSolution
		{D64A13DF-D335-4EBD-A322-659E120AB9F1} = {1FEECC76-DFE6-45F7-8876-06CB07F27BD6}
		{24052321-E0B8-42B7-9226-BC05C941161D} = {1FEECC76-DFE6-45F7-8876-06CB07F27BD6}
		{5BBAC421-608D-45CB-B641-5C6663187989} = {1FEECC76-DFE6-45F7-8876-06CB07F27BD6}
		{4E6ECA9A-B9C7-4EA9-9E9B-AF696232960C} = {1FEECC76-DFE6-45F7-8876-06CB07F27BD6}
		{1D7CD494-72BB-4E84-807A-7B72861119D4} = {1FEECC76-DFE6-45F7-8876-06CB07F27BD6}
		{DF2E7F56-2050-447D-A2C5-11E9C0C1D1DE} = {1FEECC76-DFE6-45F7-8876-06CB07F27BD6}
		{92AFF1D4-E185-48EF-9376-DD86A47291F2} = {1FEECC76-DFE6-45F7-8876-06CB07F27BD6}
		{E1F0C623-17BE-466A-B352-01D7E59CCAF6} = {1FEECC76-DFE6-45F7-8876-06CB07F27BD6}
		{EC3837C5-547F-4A63-BB24-2AC75AAC3453} = {1FEECC76-DFE6-45F7-8876-06CB07F27BD6}
		{DBE81648-11E7-420B-B0A5-9A51819CB9CB} = {1FEECC76-DFE6-45F7-8876-06CB07F27BD6}
		{8C65A5A9-36D3-47EC-B40D-DE1360CD6197} = {1FEECC76-DFE6-45F7-8876-06CB07F27BD6}
		{2924FAC1-F67C-4A6F-8BB8-EE07D48E3213} = {1FEECC76-DFE6-45F7-8876-06CB07F27BD6}
		{57CF4F39-6C77-49F4-BEE1-A663668F9CA1} = {1FEECC76-DFE6-45F7-8876-06CB07F27BD6}
		{FCA82379-EC2C-439B-AA47-78C4906E437F} = {1FEECC76-DFE6-45F7-8876-06CB07F27BD6}
		{881590F2-8C5B-48F7-9596-7ECD1FCC3079} = {1FEECC76-DFE6-45F7-8876-06CB07F27BD6}
		{9611C3E8-3A64-4CC2-B520-A5EE21C4D515} = {B92784AA-129A-4EA4-8770-0EE757E811A4}
		{B604614D-7BB4-41BA-B8A9-F383BA001AC5} = {B92784AA-129A-4EA4-8770-0EE757E811A4}
		{06DF37BC-07B5-4DCB-B236-0D1F435AFA0B} = {B92784AA-129A-4EA4-8770-0EE757E811A4}
		{7B6DC92D-E57C-489C-A59D-DD47485DC5F0} = {B92784AA-129A-4EA4-8770-0EE757E811A4}
		{0F150B2A-8FA9-45DA-B2DC-DFFEEAFA9303} = {B92784AA-129A-4EA4-8770-0EE757E811A4}
		{88F1405C-27D6-491F-8B2D-288868399BA7} = {B92784AA-129A-4EA4-8770-0EE757E811A4}
		{851ED14D-E54D-43D9-A829-415117856C49} = {B92784AA-129A-4EA4-8770-0EE757E811A4}
		{96E5EA52-C12F-4184-80E4-EC9578494710} = {B92784AA-129A-4EA4-8770-0EE757E811A4}
		{5E4D3BE6-FF73-4B63-AB6B-EE34331003F6} = {B92784AA-129A-4EA4-8770-0EE757E811A4}
		{7F4F68A9-0B53-4256-BEBB-63A09270DE10} = {B92784AA-129A-4EA4-8770-0EE757E811A4}
		{38B190D2-C8DA-4ECF-A172-151A16D88F98} = {B92784AA-129A-4EA4-8770-0EE757E811A4}
		{F616CDA6-D938-4FAA-A9E9-0D2A1405431F} = {B92784AA-129A-4EA4-8770-0EE757E811A4}
		{89398E3D-D28B-4C49-9238-8827A5201E8B} = {37231540-9D66-4E4C-B2B9-BFED364D054D}
		{7369D8A1-32D3-4E91-B615-49D557856076} = {37231540-9D66-4E4C-B2B9-BFED364D054D}
		{27A4D49F-B72A-43A8-9189-3D418182AA9D} = {37231540-9D66-4E4C-B2B9-BFED364D054D}
		{5A2FA719-909C-4FE8-9357-ACB47B3749DC} = {37231540-9D66-4E4C-B2B9-BFED364D054D}
		{26D47A47-2538-4F56-AE1C-F391180339F6} = {37231540-9D66-4E4C-B2B9-BFED364D054D}
		{83825DED-67B1-4A1A-81B5-B92B4D0C6715} = {37231540-9D66-4E4C-B2B9-BFED364D054D}
		{ECBA3DD0-D174-41B5-895E-FD3A8B6F6A0A} = {37231540-9D66-4E4C-B2B9-BFED364D054D}
		{25519A02-490A-4CFF-A678-6C05696BF7A3} = {37231540-9D66-4E4C-B2B9-BFED364D054D}
		{C49CFAC3-2666-4761-A385-1A67DD95F4AF} = {37231540-9D66-4E4C-B2B9-BFED364D054D}
		{39F8A256-7003-42F5-A81B-EFABC45B5711} = {37231540-9D66-4E4C-B2B9-BFED364D054D}
		{E77E8840-295C-4A91-9B5D-09AEB51601C7} = {37231540-9D66-4E4C-B2B9-BFED364D054D}
		{6980EBAB-5DB0-43A4-9C99-81049438B4E3} = {1FEECC76-DFE6-45F7-8876-06CB07F27BD6}
		{3E1B7C24-5A88-4F6E-9C31-2D7A4B0E8F55} = {6C4D9A17-8B2E-4D53-A1F7-0E93C5B6A248}
	EndGlobalSection
	GlobalSection(ExtensibilityGlobals) = postSolution
		SolutionGuid = {D5F0C148-A7B7-4993-9D54-AA4F2000463A}
		{E4FF8827-299C-4933-BD70-BE7782C6DED4} = {B92784AA-129A-4EA4-8770-0EE757E811A4}
		{79EDD21E-D6E1-4405-8757-D4301A9BF895} = {37231540-9D66-4E4C-B2B9-BFED364D054D}
		{DA68B5A6-7F50-4FA5-8FD2-968ECDCAE480} = {37231540-9D66-4E4C-B2B9-BFED364D054D}
	EndGlobalSection
EndGlobal
